<?xml version="1.0" encoding="utf-8"?>
<Project ToolsVersion="4.0" xmlns="http://schemas.microsoft.com/developer/msbuild/2003">
  <ItemGroup>
    <ClCompile Include="Graphics\Framebuffer.cpp" />
    <ClCompile Include="Graphics\PostprocessingExceptions.cpp" />
    <ClCompile Include="Graphics\RendererConfiguration.cpp" />
    <ClCompile Include="InputController.cpp" />
    <ClCompile Include="ResourceManager.cpp" />
    <ClCompile Include="Scripting\API_Application.cpp" />
    <ClCompile Include="Scripting\API_Input.cpp" />
    <ClCompile Include="Scripting\API_TimeCounter.cpp" />
    <ClCompile Include="Engine.cpp" />
    <ClCompile Include="Graphics\Shader.cpp" />
    <ClCompile Include="Graphics\ShaderPart.cpp" />
    <ClCompile Include="Graphics\UniformLocation.cpp" />
    <ClCompile Include="Math\Matrix3.cpp" />
    <ClCompile Include="Math\Matrix4.cpp" />
    <ClCompile Include="Math\Quaternion.cpp" />
    <ClCompile Include="Math\Vector4.cpp" />
    <ClCompile Include="Graphics\Mesh.cpp" />
    <ClCompile Include="Scripting\API_Component.cpp" />
    <ClCompile Include="Scripting\API_Entity.cpp" />
    <ClCompile Include="Scripting\API_Matrix3.cpp" />
    <ClCompile Include="Scripting\API_Matrix4.cpp" />
    <ClCompile Include="Scripting\API_Quaternion.cpp" />
    <ClCompile Include="Scripting\API_Scene.cpp" />
    <ClCompile Include="Scripting\API_Transform.cpp" />
    <ClCompile Include="Scripting\ScriptEngine.cpp" />
    <ClCompile Include="Serialization\Deserializer.cpp" />
    <ClCompile Include="Serialization\Serializable.cpp" />
    <ClCompile Include="Serialization\SerializationEngine.cpp" />
    <ClCompile Include="Serialization\SerializationRules.cpp" />
    <ClCompile Include="Serialization\Serializer.cpp" />
    <ClCompile Include="Libraries\TinyXML\tinyxml2.cpp" />
    <ClCompile Include="Serialization\XMLFormatter.cpp" />
    <ClCompile Include="TimeCounter.cpp" />
    <ClCompile Include="Vertex.cpp" />
    <ClCompile Include="Utilities\Nullable.cpp" />
    <ClCompile Include="Window.cpp" />
    <ClCompile Include="Graphics\RenderingUnit.cpp" />
    <ClCompile Include="Graphics\ShaderPass.cpp" />
    <ClCompile Include="Graphics\Renderer.cpp" />
    <ClCompile Include="Resources\ModelLoader.cpp" />
    <ClCompile Include="Objects\Camera.cpp" />
    <ClCompile Include="Objects\Component.cpp" />
    <ClCompile Include="Objects\Entity.cpp" />
    <ClCompile Include="Objects\Light.cpp" />
    <ClCompile Include="Objects\Object.cpp" />
    <ClCompile Include="Objects\Scene.cpp" />
    <ClCompile Include="Objects\Script.cpp" />
    <ClCompile Include="Objects\Transform.cpp" />
    <ClCompile Include="Math\Utilities.cpp" />
    <ClCompile Include="Objects\Renderable.cpp" />
    <ClCompile Include="Resources\Model.cpp" />
    <ClCompile Include="Graphics\ShaderProperties.cpp" />
    <ClCompile Include="Graphics\ShaderPreprocessor.cpp" />
  </ItemGroup>
  <ItemGroup>
    <ClInclude Include="Graphics\Framebuffer.hpp" />
    <ClInclude Include="Graphics\PostprocessingExceptions.hpp" />
    <ClInclude Include="Graphics\RendererConfiguration.hpp" />
    <ClInclude Include="InputController.hpp" />
    <ClInclude Include="ResourceManager.hpp" />
    <ClInclude Include="Scripting\API_Application.hpp" />
    <ClInclude Include="Scripting\API_Input.hpp" />
    <ClInclude Include="Scripting\API_TimeCounter.hpp" />
    <ClInclude Include="Engine.hpp" />
    <ClInclude Include="Graphics\Shader.hpp" />
    <ClInclude Include="Graphics\ShaderExceptions.hpp" />
    <ClInclude Include="Graphics\ShaderPart.hpp" />
    <ClInclude Include="Graphics\UniformLocation.hpp" />
    <ClInclude Include="Serialization\Deserializer.hpp" />
    <ClInclude Include="Serialization\Formatter.hpp" />
    <ClInclude Include="Serialization\Serializable.hpp" />
    <ClInclude Include="Serialization\SerializationEngine.hpp" />
    <ClInclude Include="Serialization\SerializationRules.hpp" />
    <ClInclude Include="Serialization\SerializedObject.hpp" />
    <ClInclude Include="Serialization\Serializer.hpp" />
    <ClInclude Include="Libraries\TinyXML\tinyxml2.h" />
    <ClInclude Include="Serialization\XMLFormatter.hpp" />
    <ClInclude Include="TimeCounter.hpp" />
    <ClInclude Include="Utilities\Event.hpp" />
    <ClInclude Include="Utilities\Immovable.hpp" />
    <ClInclude Include="Math\Matrix3.hpp" />
    <ClInclude Include="Math\Matrix4.hpp" />
    <ClInclude Include="Math\Quaternion.hpp" />
    <ClInclude Include="Math\Vector2.hpp" />
    <ClInclude Include="Math\Vector3.hpp" />
    <ClInclude Include="Math\Vector4.hpp" />
    <ClInclude Include="Graphics\Mesh.hpp" />
    <ClInclude Include="Scripting\API_Component.hpp" />
    <ClInclude Include="Scripting\API_Entity.hpp" />
    <ClInclude Include="Scripting\API_Matrix3.hpp" />
    <ClInclude Include="Scripting\API_Matrix4.hpp" />
    <ClInclude Include="Scripting\API_Quaternion.hpp" />
    <ClInclude Include="Scripting\API_Scene.hpp" />
    <ClInclude Include="Scripting\API_Transform.hpp" />
    <ClInclude Include="Scripting\ScriptEngine.hpp" />
    <ClInclude Include="Utilities\Property.hpp" />
    <ClInclude Include="Vertex.hpp" />
    <ClInclude Include="Utilities\Nullable.hpp" />
    <ClInclude Include="Utilities\StringHelpers.hpp" />
    <ClInclude Include="Window.hpp" />
    <ClInclude Include="Utilities\ResourcesIDs.hpp" />
    <ClInclude Include="Graphics\RenderingUnit.hpp" />
    <ClInclude Include="Graphics\ShaderPass.hpp" />
    <ClInclude Include="Graphics\Renderer.hpp" />
    <ClInclude Include="Resources\ModelLoader.hpp" />
    <ClInclude Include="Resources\Model.hpp" />
    <ClInclude Include="Math\Types.hpp" />
    <ClInclude Include="Scripting\ScriptingExceptions.hpp" />
    <ClInclude Include="Objects\Camera.hpp" />
    <ClInclude Include="Objects\Component.hpp" />
    <ClInclude Include="Objects\Entity.hpp" />
    <ClInclude Include="Objects\Light.hpp" />
    <ClInclude Include="Objects\Object.hpp" />
    <ClInclude Include="Objects\Scene.hpp" />
    <ClInclude Include="Objects\Script.hpp" />
    <ClInclude Include="Objects\Transform.hpp" />
    <ClInclude Include="Objects\Types.hpp" />
    <ClInclude Include="Scripting\Types.hpp" />
    <ClInclude Include="Serialization\Types.hpp" />
    <ClInclude Include="Math\Utilities.hpp" />
    <ClInclude Include="Graphics\Types.hpp" />
    <ClInclude Include="Objects\Renderable.hpp" />
    <ClInclude Include="Utilities\Metaprogramming.hpp" />
    <ClInclude Include="Graphics\ShaderProperty.hpp" />
    <ClInclude Include="Graphics\ShaderUniformData.hpp" />
    <ClInclude Include="Graphics\ShaderProperties.hpp" />
    <ClInclude Include="Utilities\ObjectDestructor.hpp" />
    <ClInclude Include="Graphics\ShaderPreprocessor.hpp" />
    <ClInclude Include="Scripting\ScriptEngineException.hpp" />
    <ClInclude Include="Resources\Types.hpp" />
  </ItemGroup>
  <ItemGroup>
    <None Include="Math\Vector2.inl" />
    <None Include="Math\Vector3.inl" />
    <None Include="Math\Vector4.inl" />
    <None Include="ResourceManager.inl" />
    <None Include="Serialization\Deserializer.inl" />
    <None Include="Serialization\SerializationEngine.inl" />
    <None Include="Serialization\SerializationRules.inl" />
    <None Include="Serialization\Serializer.inl" />
    <None Include="Utilities\Nullable.inl" />
    <None Include="Utilities\StringHelpers.inl" />
    <None Include="Scripting\ScriptEngine.inl" />
    <None Include="Graphics\ShaderProperties.inl" />
  </ItemGroup>
</Project>